
Microsoft Visual Studio Solution File, Format Version 12.00
# Visual Studio Version 16
VisualStudioVersion = 16.0.31515.178
MinimumVisualStudioVersion = 10.0.40219.1
Project("{9A19103F-16F7-4668-BE54-9A1E7A4F7556}") = "Tortilla.Hackathon.API", "Tortilla.Hackathon.API\Tortilla.Hackathon.API.csproj", "{E2ABACD6-7E65-4BB5-A5EB-15C24468B7E9}"
EndProject
Project("{FAE04EC0-301F-11D3-BF4B-00C04F79EFBC}") = "Tortilla.Hackathon.Services", "Tortilla.Hackathon.Services\Tortilla.Hackathon.Services.csproj", "{9CE9BD4F-FB66-4764-87EF-973F2C233447}"
Project("{FAE04EC0-301F-11D3-BF4B-00C04F79EFBC}") = "Tortilla.Hackathon.Data", "Tortilla.Hackathon.Data\Tortilla.Hackathon.Data.csproj", "{624D0953-0235-42CA-8090-A2062D3E9586}"
EndProject
Project("{FAE04EC0-301F-11D3-BF4B-00C04F79EFBC}") = "Tortilla.Hackathon.Domain", "Tortilla.Hackathon.Domain\Tortilla.Hackathon.Domain.csproj", "{6EC6206E-B6AC-4617-8822-6FF7780287E6}"
EndProject
Global
	GlobalSection(SolutionConfigurationPlatforms) = preSolution
		Debug|Any CPU = Debug|Any CPU
		Release|Any CPU = Release|Any CPU
	EndGlobalSection
	GlobalSection(ProjectConfigurationPlatforms) = postSolution
		{E2ABACD6-7E65-4BB5-A5EB-15C24468B7E9}.Debug|Any CPU.ActiveCfg = Debug|Any CPU
		{E2ABACD6-7E65-4BB5-A5EB-15C24468B7E9}.Debug|Any CPU.Build.0 = Debug|Any CPU
		{E2ABACD6-7E65-4BB5-A5EB-15C24468B7E9}.Release|Any CPU.ActiveCfg = Release|Any CPU
		{E2ABACD6-7E65-4BB5-A5EB-15C24468B7E9}.Release|Any CPU.Build.0 = Release|Any CPU
		{9CE9BD4F-FB66-4764-87EF-973F2C233447}.Debug|Any CPU.ActiveCfg = Debug|Any CPU
		{9CE9BD4F-FB66-4764-87EF-973F2C233447}.Debug|Any CPU.Build.0 = Debug|Any CPU
		{9CE9BD4F-FB66-4764-87EF-973F2C233447}.Release|Any CPU.ActiveCfg = Release|Any CPU
		{9CE9BD4F-FB66-4764-87EF-973F2C233447}.Release|Any CPU.Build.0 = Release|Any CPU
		{624D0953-0235-42CA-8090-A2062D3E9586}.Debug|Any CPU.ActiveCfg = Debug|Any CPU
		{624D0953-0235-42CA-8090-A2062D3E9586}.Debug|Any CPU.Build.0 = Debug|Any CPU
		{624D0953-0235-42CA-8090-A2062D3E9586}.Release|Any CPU.ActiveCfg = Release|Any CPU
		{624D0953-0235-42CA-8090-A2062D3E9586}.Release|Any CPU.Build.0 = Release|Any CPU
		{6EC6206E-B6AC-4617-8822-6FF7780287E6}.Debug|Any CPU.ActiveCfg = Debug|Any CPU
		{6EC6206E-B6AC-4617-8822-6FF7780287E6}.Debug|Any CPU.Build.0 = Debug|Any CPU
		{6EC6206E-B6AC-4617-8822-6FF7780287E6}.Release|Any CPU.ActiveCfg = Release|Any CPU
		{6EC6206E-B6AC-4617-8822-6FF7780287E6}.Release|Any CPU.Build.0 = Release|Any CPU
	EndGlobalSection
	GlobalSection(SolutionProperties) = preSolution
		HideSolutionNode = FALSE
	EndGlobalSection
	GlobalSection(ExtensibilityGlobals) = postSolution
		SolutionGuid = {767EC935-0515-471C-8F82-AAF63FB2B370}
	EndGlobalSection
EndGlobal
